Microsoft Visual Studio Solution File, Format Version 11.00
# Visual Studio 2017

Project("{8BC9CEB8-8B4A-11D0-8D11-00A0C91BC942}") = "BilinearOscillator - App", "BilinearOscillator_App.vcxproj", "{5A420A49-FB07-30EC-7691-7E6942C05F51}"
EndProject
Global
	GlobalSection(SolutionConfigurationPlatforms) = preSolution
		Debug|x64 = Debug|x64
		Release|x64 = Release|x64
	EndGlobalSection
	GlobalSection(ProjectConfigurationPlatforms) = postSolution
		{5A420A49-FB07-30EC-7691-7E6942C05F51}.Debug|x64.ActiveCfg = Debug|x64
		{5A420A49-FB07-30EC-7691-7E6942C05F51}.Debug|x64.Build.0 = Debug|x64
		{5A420A49-FB07-30EC-7691-7E6942C05F51}.Release|x64.ActiveCfg = Release|x64
		{5A420A49-FB07-30EC-7691-7E6942C05F51}.Release|x64.Build.0 = Release|x64
	EndGlobalSection
	GlobalSection(SolutionProperties) = preSolution
		HideSolutionNode = FALSE
	EndGlobalSection
EndGlobal
